# THIS IS AN AUTOGENERATED FILE. DO NOT EDIT THIS FILE DIRECTLY.
# yarn lockfile v1


async@~0.9.0:
  version "0.9.2"
  resolved "https://registry.npmjs.org/async/-/async-0.9.2.tgz#aea74d5e61c1f899613bf64bda66d4c78f2fd17d"
  integrity sha1-rqdNXmHB+JlhO/ZL2mbUx48v0X0=

dotenv@~0.5.1:
  version "0.5.1"
  resolved "https://registry.npmjs.org/dotenv/-/dotenv-0.5.1.tgz#87d181f76102afd1a2b85c277ddd8b8795dc565b"
  integrity sha1-h9GB92ECr9GiuFwnfd2Lh5XcVls=

final-fs@^1.6.0:
  version "1.6.1"
  resolved "https://registry.npmjs.org/final-fs/-/final-fs-1.6.1.tgz#d6dcd92ef6fe4fe8c07abd568c7135610ede3236"
  integrity sha1-1tzZLvb+T+jAer1WjHE1YQ7eMjY=
  dependencies:
    node-fs "~0.1.5"
    when "~2.0.1"

minimist@0.0.8:
  version "0.0.8"
  resolved "https://registry.npmjs.org/minimist/-/minimist-0.0.8.tgz#857fcabfc3397d2625b8228262e86aa7a011b05d"
  integrity sha1-hX/Kv8M5fSYluCKCYuhqp6ARsF0=

minimist@~0.0.1:
  version "0.0.10"
  resolved "https://registry.npmjs.org/minimist/-/minimist-0.0.10.tgz#de3f98543dbf96082be48ad1a0c7cda836301dcf"
  integrity sha1-3j+YVD2/lggr5IrRoMfNqDYwHc8=

mkdirp@~0.5.0:
  version "0.5.1"
  resolved "https://registry.npmjs.org/mkdirp/-/mkdirp-0.5.1.tgz#30057438eac6cf7f8c4767f38648d6697d75c903"
  integrity sha1-MAV0OOrGz3+MR2fzhkjWaX11yQM=
  dependencies:
    minimist "0.0.8"

moment@2.x.x:
  version "2.24.0"
  resolved "https://registry.npmjs.org/moment/-/moment-2.24.0.tgz#0d055d53f5052aa653c9f6eb68bb5d12bf5c2b5b"
  integrity sha512-bV7f+6l2QigeBBZSM/6yTNq4P2fNpSWj/0e7jQcy87A8e7o2nAfP/34/2ky5Vw4B9S446EtIhodAzkFCcR4dQg==

node-fs@~0.1.5:
  version "0.1.7"
  resolved "https://registry.npmjs.org/node-fs/-/node-fs-0.1.7.tgz#32323cccb46c9fbf0fc11812d45021cc31d325bb"
  integrity sha1-MjI8zLRsn78PwRgS1FAhzDHTJbs=

optimist@~0.6.1:
  version "0.6.1"
  resolved "https://registry.npmjs.org/optimist/-/optimist-0.6.1.tgz#da3ea74686fa21a19a111c326e90eb15a0196686"
  integrity sha1-2j6nRob6IaGaERwybpDrFaAZZoY=
  dependencies:
    minimist "~0.0.1"
    wordwrap "~0.0.2"

parse-database-url@~0.2.2:
  version "0.2.2"
  resolved "https://registry.npmjs.org/parse-database-url/-/parse-database-url-0.2.2.tgz#48615ae7a7c0fc77e3294d23542a6a5273c3570b"
  integrity sha1-SGFa56fA/HfjKU0jVCpqUnPDVws=

pkginfo@~0.3.0:
  version "0.3.1"
  resolved "https://registry.npmjs.org/pkginfo/-/pkginfo-0.3.1.tgz#5b29f6a81f70717142e09e765bbeab97b4f81e21"
  integrity sha1-Wyn2qB9wcXFC4J52W76rl7T4HiE=

when@~2.0.1:
  version "2.0.1"
  resolved "https://registry.npmjs.org/when/-/when-2.0.1.tgz#8d872fe15e68424c91b4b724e848e0807dab6642"
  integrity sha1-jYcv4V5oQkyRtLck6EjggH2rZkI=

wordwrap@~0.0.2:
  version "0.0.3"
  resolved "https://registry.npmjs.org/wordwrap/-/wordwrap-0.0.3.tgz#a3d5da6cd5c0bc0008d37234bbaf1bed63059107"
  integrity sha1-o9XabNXAvAAI03I0u68b7WMFkQc=
